
Microsoft Visual Studio Solution File, Format Version 12.00
# Visual Studio Version 16
VisualStudioVersion = 16.0.29613.14
MinimumVisualStudioVersion = 10.0.40219.1
Project("{FAE04EC0-301F-11D3-BF4B-00C04F79EFBC}") = "TorneioFutebol", "TorneioFutebol\TorneioFutebol.csproj", "{BF1FD9EF-26F8-4233-9ABC-E5AEEAC80327}"
EndProject
Global
	GlobalSection(SolutionConfigurationPlatforms) = preSolution
		Debug|Any CPU = Debug|Any CPU
		Release|Any CPU = Release|Any CPU
	EndGlobalSection
	GlobalSection(ProjectConfigurationPlatforms) = postSolution
		{BF1FD9EF-26F8-4233-9ABC-E5AEEAC80327}.Debug|Any CPU.ActiveCfg = Debug|Any CPU
		{BF1FD9EF-26F8-4233-9ABC-E5AEEAC80327}.Debug|Any CPU.Build.0 = Debug|Any CPU
		{BF1FD9EF-26F8-4233-9ABC-E5AEEAC80327}.Release|Any CPU.ActiveCfg = Release|Any CPU
		{BF1FD9EF-26F8-4233-9ABC-E5AEEAC80327}.Release|Any CPU.Build.0 = Release|Any CPU
	EndGlobalSection
	GlobalSection(SolutionProperties) = preSolution
		HideSolutionNode = FALSE
	EndGlobalSection
	GlobalSection(ExtensibilityGlobals) = postSolution
		SolutionGuid = {00D1C612-2D09-4A01-99D3-1D2D26BD516A}
	EndGlobalSection
EndGlobal
